// !$*UTF8*$!
{
	archiveVersion = 1;
	classes = {
	};
	objectVersion = 56;
	objects = {

/* Begin PBXBuildFile section */
		292796D82A2D73F3004AED20 /* act3SecondApp.swift in Sources */ = {isa = PBXBuildFile; fileRef = 292796D72A2D73F3004AED20 /* act3SecondApp.swift */; };
		292796DA2A2D73F3004AED20 /* AlarmView.swift in Sources */ = {isa = PBXBuildFile; fileRef = 292796D92A2D73F3004AED20 /* AlarmView.swift */; };
		292796DC2A2D73F5004AED20 /* Assets.xcassets in Resources */ = {isa = PBXBuildFile; fileRef = 292796DB2A2D73F5004AED20 /* Assets.xcassets */; };
		292796DF2A2D73F5004AED20 /* Preview Assets.xcassets in Resources */ = {isa = PBXBuildFile; fileRef = 292796DE2A2D73F5004AED20 /* Preview Assets.xcassets */; };
		292796E62A2D74F6004AED20 /* ListHeader.swift in Sources */ = {isa = PBXBuildFile; fileRef = 292796E52A2D74F6004AED20 /* ListHeader.swift */; };
		292796E82A2D7758004AED20 /* AlarmList.swift in Sources */ = {isa = PBXBuildFile; fileRef = 292796E72A2D7758004AED20 /* AlarmList.swift */; };
		292796EA2A2D7D43004AED20 /* ModelList.swift in Sources */ = {isa = PBXBuildFile; fileRef = 292796E92A2D7D43004AED20 /* ModelList.swift */; };
		292796EC2A2D8678004AED20 /* ParentView.swift in Sources */ = {isa = PBXBuildFile; fileRef = 292796EB2A2D8678004AED20 /* ParentView.swift */; };
		292796EE2A2D86A6004AED20 /* ChildrenView.swift in Sources */ = {isa = PBXBuildFile; fileRef = 292796ED2A2D86A6004AED20 /* ChildrenView.swift */; };
/* End PBXBuildFile section */

/* Begin PBXFileReference section */
		292796D42A2D73F3004AED20 /* act3Second.app */ = {isa = PBXFileReference; explicitFileType = wrapper.application; includeInIndex = 0; path = act3Second.app; sourceTree = BUILT_PRODUCTS_DIR; };
		292796D72A2D73F3004AED20 /* act3SecondApp.swift */ = {isa = PBXFileReference; lastKnownFileType = sourcecode.swift; path = act3SecondApp.swift; sourceTree = "<group>"; };
		292796D92A2D73F3004AED20 /* AlarmView.swift */ = {isa = PBXFileReference; lastKnownFileType = sourcecode.swift; path = AlarmView.swift; sourceTree = "<group>"; };
		292796DB2A2D73F5004AED20 /* Assets.xcassets */ = {isa = PBXFileReference; lastKnownFileType = folder.assetcatalog; path = Assets.xcassets; sourceTree = "<group>"; };
		292796DE2A2D73F5004AED20 /* Preview Assets.xcassets */ = {isa = PBXFileReference; lastKnownFileType = folder.assetcatalog; path = "Preview Assets.xcassets"; sourceTree = "<group>"; };
		292796E52A2D74F6004AED20 /* ListHeader.swift */ = {isa = PBXFileReference; lastKnownFileType = sourcecode.swift; path = ListHeader.swift; sourceTree = "<group>"; };
		292796E72A2D7758004AED20 /* AlarmList.swift */ = {isa = PBXFileReference; lastKnownFileType = sourcecode.swift; path = AlarmList.swift; sourceTree = "<group>"; };
		292796E92A2D7D43004AED20 /* ModelList.swift */ = {isa = PBXFileReference; lastKnownFileType = sourcecode.swift; path = ModelList.swift; sourceTree = "<group>"; };
		292796EB2A2D8678004AED20 /* ParentView.swift */ = {isa = PBXFileReference; lastKnownFileType = sourcecode.swift; path = ParentView.swift; sourceTree = "<group>"; };
		292796ED2A2D86A6004AED20 /* ChildrenView.swift */ = {isa = PBXFileReference; lastKnownFileType = sourcecode.swift; path = ChildrenView.swift; sourceTree = "<group>"; };
/* End PBXFileReference section */

/* Begin PBXFrameworksBuildPhase section */
		292796D12A2D73F3004AED20 /* Frameworks */ = {
			isa = PBXFrameworksBuildPhase;
			buildActionMask = 2147483647;
			files = (
			);
			runOnlyForDeploymentPostprocessing = 0;
		};
/* End PBXFrameworksBuildPhase section */

/* Begin PBXGroup section */
		292796CB2A2D73F3004AED20 = {
			isa = PBXGroup;
			children = (
				292796D62A2D73F3004AED20 /* act3Second */,
				292796D52A2D73F3004AED20 /* Products */,
			);
			sourceTree = "<group>";
		};
		292796D52A2D73F3004AED20 /* Products */ = {
			isa = PBXGroup;
			children = (
				292796D42A2D73F3004AED20 /* act3Second.app */,
			);
			name = Products;
			sourceTree = "<group>";
		};
		292796D62A2D73F3004AED20 /* act3Second */ = {
			isa = PBXGroup;
			children = (
				292796D72A2D73F3004AED20 /* act3SecondApp.swift */,
				292796D92A2D73F3004AED20 /* AlarmView.swift */,
				292796E52A2D74F6004AED20 /* ListHeader.swift */,
				292796E72A2D7758004AED20 /* AlarmList.swift */,
				292796DB2A2D73F5004AED20 /* Assets.xcassets */,
				292796E92A2D7D43004AED20 /* ModelList.swift */,
				292796EB2A2D8678004AED20 /* ParentView.swift */,
				292796ED2A2D86A6004AED20 /* ChildrenView.swift */,
				292796DD2A2D73F5004AED20 /* Preview Content */,
			);
			path = act3Second;
			sourceTree = "<group>";
		};
		292796DD2A2D73F5004AED20 /* Preview Content */ = {
			isa = PBXGroup;
			children = (
				292796DE2A2D73F5004AED20 /* Preview Assets.xcassets */,
			);
			path = "Preview Content";
			sourceTree = "<group>";
		};
/* End PBXGroup section */

/* Begin PBXNativeTarget section */
		292796D32A2D73F3004AED20 /* act3Second */ = {
			isa = PBXNativeTarget;
			buildConfigurationList = 292796E22A2D73F5004AED20 /* Build configuration list for PBXNativeTarget "act3Second" */;
			buildPhases = (
				292796D02A2D73F3004AED20 /* Sources */,
				292796D12A2D73F3004AED20 /* Frameworks */,
				292796D22A2D73F3004AED20 /* Resources */,
			);
			buildRules = (
			);
			dependencies = (
			);
			name = act3Second;
			productName = act3Second;
			productReference = 292796D42A2D73F3004AED20 /* act3Second.app */;
			productType = "com.apple.product-type.application";
		};
/* End PBXNativeTarget section */

/* Begin PBXProject section */
		292796CC2A2D73F3004AED20 /* Project object */ = {
			isa = PBXProject;
			attributes = {
				BuildIndependentTargetsInParallel = 1;
				LastSwiftUpdateCheck = 1430;
				LastUpgradeCheck = 1430;
				TargetAttributes = {
					292796D32A2D73F3004AED20 = {
						CreatedOnToolsVersion = 14.3;
					};
				};
			};
			buildConfigurationList = 292796CF2A2D73F3004AED20 /* Build configuration list for PBXProject "act3Second" */;
			compatibilityVersion = "Xcode 14.0";
			developmentRegion = en;
			hasScannedForEncodings = 0;
			knownRegions = (
				en,
				Base,
			);
			mainGroup = 292796CB2A2D73F3004AED20;
			productRefGroup = 292796D52A2D73F3004AED20 /* Products */;
			projectDirPath = "";
			projectRoot = "";
			targets = (
				292796D32A2D73F3004AED20 /* act3Second */,
			);
		};
/* End PBXProject section */

/* Begin PBXResourcesBuildPhase section */
		292796D22A2D73F3004AED20 /* Resources */ = {
			isa = PBXResourcesBuildPhase;
			buildActionMask = 2147483647;
			files = (
				292796DF2A2D73F5004AED20 /* Preview Assets.xcassets in Resources */,
				292796DC2A2D73F5004AED20 /* Assets.xcassets in Resources */,
			);
			runOnlyForDeploymentPostprocessing = 0;
		};
/* End PBXResourcesBuildPhase section */

/* Begin PBXSourcesBuildPhase section */
		292796D02A2D73F3004AED20 /* Sources */ = {
			isa = PBXSourcesBuildPhase;
			buildActionMask = 2147483647;
			files = (
				292796DA2A2D73F3004AED20 /* AlarmView.swift in Sources */,
				292796E62A2D74F6004AED20 /* ListHeader.swift in Sources */,
				292796D82A2D73F3004AED20 /* act3SecondApp.swift in Sources */,
				292796EA2A2D7D43004AED20 /* ModelList.swift in Sources */,
				292796EC2A2D8678004AED20 /* ParentView.swift in Sources */,
				292796EE2A2D86A6004AED20 /* ChildrenView.swift in Sources */,
				292796E82A2D7758004AED20 /* AlarmList.swift in Sources */,
			);
			runOnlyForDeploymentPostprocessing = 0;
		};
/* End PBXSourcesBuildPhase section */

/* Begin XCBuildConfiguration section */
		292796E02A2D73F5004AED20 /* Debug */ = {
			isa = XCBuildConfiguration;
			buildSettings = {
				ALWAYS_SEARCH_USER_PATHS = NO;
				CLANG_ANALYZER_NONNULL = YES;
				CLANG_ANALYZER_NUMBER_OBJECT_CONVERSION = YES_AGGRESSIVE;
				CLANG_CXX_LANGUAGE_STANDARD = "gnu++20";
				CLANG_ENABLE_MODULES = YES;
				CLANG_ENABLE_OBJC_ARC = YES;
				CLANG_ENABLE_OBJC_WEAK = YES;
				CLANG_WARN_BLOCK_CAPTURE_AUTORELEASING = YES;
				CLANG_WARN_BOOL_CONVERSION = YES;
				CLANG_WARN_COMMA = YES;
				CLANG_WARN_CONSTANT_CONVERSION = YES;
				CLANG_WARN_DEPRECATED_OBJC_IMPLEMENTATIONS = YES;
				CLANG_WARN_DIRECT_OBJC_ISA_USAGE = YES_ERROR;
				CLANG_WARN_DOCUMENTATION_COMMENTS = YES;
				CLANG_WARN_EMPTY_BODY = YES;
				CLANG_WARN_ENUM_CONVERSION = YES;
				CLANG_WARN_INFINITE_RECURSION = YES;
				CLANG_WARN_INT_CONVERSION = YES;
				CLANG_WARN_NON_LITERAL_NULL_CONVERSION = YES;
				CLANG_WARN_OBJC_IMPLICIT_RETAIN_SELF = YES;
				CLANG_WARN_OBJC_LITERAL_CONVERSION = YES;
				CLANG_WARN_OBJC_ROOT_CLASS = YES_ERROR;
				CLANG_WARN_QUOTED_INCLUDE_IN_FRAMEWORK_HEADER = YES;
				CLANG_WARN_RANGE_LOOP_ANALYSIS = YES;
				CLANG_WARN_STRICT_PROTOTYPES = YES;
				CLANG_WARN_SUSPICIOUS_MOVE = YES;
				CLANG_WARN_UNGUARDED_AVAILABILITY = YES_AGGRESSIVE;
				CLANG_WARN_UNREACHABLE_CODE = YES;
				CLANG_WARN__DUPLICATE_METHOD_MATCH = YES;
				COPY_PHASE_STRIP = NO;
				DEBUG_INFORMATION_FORMAT = dwarf;
				ENABLE_STRICT_OBJC_MSGSEND = YES;
				ENABLE_TESTABILITY = YES;
				GCC_C_LANGUAGE_STANDARD = gnu11;
				GCC_DYNAMIC_NO_PIC = NO;
				GCC_NO_COMMON_BLOCKS = YES;
				GCC_OPTIMIZATION_LEVEL = 0;
				GCC_PREPROCESSOR_DEFINITIONS = (
					"DEBUG=1",
					"$(inherited)",
				);
				GCC_WARN_64_TO_32_BIT_CONVERSION = YES;
				GCC_WARN_ABOUT_RETURN_TYPE = YES_ERROR;
				GCC_WARN_UNDECLARED_SELECTOR = YES;
				GCC_WARN_UNINITIALIZED_AUTOS = YES_AGGRESSIVE;
				GCC_WARN_UNUSED_FUNCTION = YES;
				GCC_WARN_UNUSED_VARIABLE = YES;
				IPHONEOS_DEPLOYMENT_TARGET = 16.4;
				MTL_ENABLE_DEBUG_INFO = INCLUDE_SOURCE;
				MTL_FAST_MATH = YES;
				ONLY_ACTIVE_ARCH = YES;
				SDKROOT = iphoneos;
				SWIFT_ACTIVE_COMPILATION_CONDITIONS = DEBUG;
				SWIFT_OPTIMIZATION_LEVEL = "-Onone";
			};
			name = Debug;
		};
		292796E12A2D73F5004AED20 /* Release */ = {
			isa = XCBuildConfiguration;
			buildSettings = {
				ALWAYS_SEARCH_USER_PATHS = NO;
				CLANG_ANALYZER_NONNULL = YES;
				CLANG_ANALYZER_NUMBER_OBJECT_CONVERSION = YES_AGGRESSIVE;
				CLANG_CXX_LANGUAGE_STANDARD = "gnu++20";
				CLANG_ENABLE_MODULES = YES;
				CLANG_ENABLE_OBJC_ARC = YES;
				CLANG_ENABLE_OBJC_WEAK = YES;
				CLANG_WARN_BLOCK_CAPTURE_AUTORELEASING = YES;
				CLANG_WARN_BOOL_CONVERSION = YES;
				CLANG_WARN_COMMA = YES;
				CLANG_WARN_CONSTANT_CONVERSION = YES;
				CLANG_WARN_DEPRECATED_OBJC_IMPLEMENTATIONS = YES;
				CLANG_WARN_DIRECT_OBJC_ISA_USAGE = YES_ERROR;
				CLANG_WARN_DOCUMENTATION_COMMENTS = YES;
				CLANG_WARN_EMPTY_BODY = YES;
				CLANG_WARN_ENUM_CONVERSION = YES;
				CLANG_WARN_INFINITE_RECURSION = YES;
				CLANG_WARN_INT_CONVERSION = YES;
				CLANG_WARN_NON_LITERAL_NULL_CONVERSION = YES;
				CLANG_WARN_OBJC_IMPLICIT_RETAIN_SELF = YES;
				CLANG_WARN_OBJC_LITERAL_CONVERSION = YES;
				CLANG_WARN_OBJC_ROOT_CLASS = YES_ERROR;
				CLANG_WARN_QUOTED_INCLUDE_IN_FRAMEWORK_HEADER = YES;
				CLANG_WARN_RANGE_LOOP_ANALYSIS = YES;
				CLANG_WARN_STRICT_PROTOTYPES = YES;
				CLANG_WARN_SUSPICIOUS_MOVE = YES;
				CLANG_WARN_UNGUARDED_AVAILABILITY = YES_AGGRESSIVE;
				CLANG_WARN_UNREACHABLE_CODE = YES;
				CLANG_WARN__DUPLICATE_METHOD_MATCH = YES;
				COPY_PHASE_STRIP = NO;
				DEBUG_INFORMATION_FORMAT = "dwarf-with-dsym";
				ENABLE_NS_ASSERTIONS = NO;
				ENABLE_STRICT_OBJC_MSGSEND = YES;
				GCC_C_LANGUAGE_STANDARD = gnu11;
				GCC_NO_COMMON_BLOCKS = YES;
				GCC_WARN_64_TO_32_BIT_CONVERSION = YES;
				GCC_WARN_ABOUT_RETURN_TYPE = YES_ERROR;
				GCC_WARN_UNDECLARED_SELECTOR = YES;
				GCC_WARN_UNINITIALIZED_AUTOS = YES_AGGRESSIVE;
				GCC_WARN_UNUSED_FUNCTION = YES;
				GCC_WARN_UNUSED_VARIABLE = YES;
				IPHONEOS_DEPLOYMENT_TARGET = 16.4;
				MTL_ENABLE_DEBUG_INFO = NO;
				MTL_FAST_MATH = YES;
				SDKROOT = iphoneos;
				SWIFT_COMPILATION_MODE = wholemodule;
				SWIFT_OPTIMIZATION_LEVEL = "-O";
				VALIDATE_PRODUCT = YES;
			};
			name = Release;
		};
		292796E32A2D73F5004AED20 /* Debug */ = {
			isa = XCBuildConfiguration;
			buildSettings = {
				ASSETCATALOG_COMPILER_APPICON_NAME = AppIcon;
				ASSETCATALOG_COMPILER_GLOBAL_ACCENT_COLOR_NAME = AccentColor;
				CODE_SIGN_STYLE = Automatic;
				CURRENT_PROJECT_VERSION = 1;
				DEVELOPMENT_ASSET_PATHS = "\"act3Second/Preview Content\"";
				DEVELOPMENT_TEAM = UB6VCYGV2P;
				ENABLE_PREVIEWS = YES;
				GENERATE_INFOPLIST_FILE = YES;
				INFOPLIST_KEY_UIApplicationSceneManifest_Generation = YES;
				INFOPLIST_KEY_UIApplicationSupportsIndirectInputEvents = YES;
				INFOPLIST_KEY_UILaunchScreen_Generation = YES;
				INFOPLIST_KEY_UISupportedInterfaceOrientations_iPad = "UIInterfaceOrientationPortrait UIInterfaceOrientationPortraitUpsideDown UIInterfaceOrientationLandscapeLeft UIInterfaceOrientationLandscapeRight";
				INFOPLIST_KEY_UISupportedInterfaceOrientations_iPhone = "UIInterfaceOrientationPortrait UIInterfaceOrientationLandscapeLeft UIInterfaceOrientationLandscapeRight";
				LD_RUNPATH_SEARCH_PATHS = (
					"$(inherited)",
					"@executable_path/Frameworks",
				);
				MARKETING_VERSION = 1.0;
				PRODUCT_BUNDLE_IDENTIFIER = com.seunghoria.act3Second;
				PRODUCT_NAME = "$(TARGET_NAME)";
				SWIFT_EMIT_LOC_STRINGS = YES;
				SWIFT_VERSION = 5.0;
				TARGETED_DEVICE_FAMILY = "1,2";
			};
			name = Debug;
		};
		292796E42A2D73F5004AED20 /* Release */ = {
			isa = XCBuildConfiguration;
			buildSettings = {
				ASSETCATALOG_COMPILER_APPICON_NAME = AppIcon;
				ASSETCATALOG_COMPILER_GLOBAL_ACCENT_COLOR_NAME = AccentColor;
				CODE_SIGN_STYLE = Automatic;
				CURRENT_PROJECT_VERSION = 1;
				DEVELOPMENT_ASSET_PATHS = "\"act3Second/Preview Content\"";
				DEVELOPMENT_TEAM = UB6VCYGV2P;
				ENABLE_PREVIEWS = YES;
				GENERATE_INFOPLIST_FILE = YES;
				INFOPLIST_KEY_UIApplicationSceneManifest_Generation = YES;
				INFOPLIST_KEY_UIApplicationSupportsIndirectInputEvents = YES;
				INFOPLIST_KEY_UILaunchScreen_Generation = YES;
				INFOPLIST_KEY_UISupportedInterfaceOrientations_iPad = "UIInterfaceOrientationPortrait UIInterfaceOrientationPortraitUpsideDown UIInterfaceOrientationLandscapeLeft UIInterfaceOrientationLandscapeRight";
				INFOPLIST_KEY_UISupportedInterfaceOrientations_iPhone = "UIInterfaceOrientationPortrait UIInterfaceOrientationLandscapeLeft UIInterfaceOrientationLandscapeRight";
				LD_RUNPATH_SEARCH_PATHS = (
					"$(inherited)",
					"@executable_path/Frameworks",
				);
				MARKETING_VERSION = 1.0;
				PRODUCT_BUNDLE_IDENTIFIER = com.seunghoria.act3Second;
				PRODUCT_NAME = "$(TARGET_NAME)";
				SWIFT_EMIT_LOC_STRINGS = YES;
				SWIFT_VERSION = 5.0;
				TARGETED_DEVICE_FAMILY = "1,2";
			};
			name = Release;
		};
/* End XCBuildConfiguration section */

/* Begin XCConfigurationList section */
		292796CF2A2D73F3004AED20 /* Build configuration list for PBXProject "act3Second" */ = {
			isa = XCConfigurationList;
			buildConfigurations = (
				292796E02A2D73F5004AED20 /* Debug */,
				292796E12A2D73F5004AED20 /* Release */,
			);
			defaultConfigurationIsVisible = 0;
			defaultConfigurationName = Release;
		};
		292796E22A2D73F5004AED20 /* Build configuration list for PBXNativeTarget "act3Second" */ = {
			isa = XCConfigurationList;
			buildConfigurations = (
				292796E32A2D73F5004AED20 /* Debug */,
				292796E42A2D73F5004AED20 /* Release */,
			);
			defaultConfigurationIsVisible = 0;
			defaultConfigurationName = Release;
		};
/* End XCConfigurationList section */
	};
	rootObject = 292796CC2A2D73F3004AED20 /* Project object */;
}
